
Microsoft Visual Studio Solution File, Format Version 12.00
# Visual Studio Version 17
VisualStudioVersion = 17.4.33122.133
MinimumVisualStudioVersion = 10.0.40219.1
Project("{FAE04EC0-301F-11D3-BF4B-00C04F79EFBC}") = "VueWebApi", "VueWebApi.csproj", "{8E7E18D9-0189-4DBB-A72B-422CE65DFF5E}"
EndProject
Global
	GlobalSection(SolutionConfigurationPlatforms) = preSolution
		Debug|Any CPU = Debug|Any CPU
		Release|Any CPU = Release|Any CPU
	EndGlobalSection
	GlobalSection(ProjectConfigurationPlatforms) = postSolution
		{8E7E18D9-0189-4DBB-A72B-422CE65DFF5E}.Debug|Any CPU.ActiveCfg = Debug|Any CPU
		{8E7E18D9-0189-4DBB-A72B-422CE65DFF5E}.Debug|Any CPU.Build.0 = Debug|Any CPU
		{8E7E18D9-0189-4DBB-A72B-422CE65DFF5E}.Release|Any CPU.ActiveCfg = Release|Any CPU
		{8E7E18D9-0189-4DBB-A72B-422CE65DFF5E}.Release|Any CPU.Build.0 = Release|Any CPU
	EndGlobalSection
	GlobalSection(SolutionProperties) = preSolution
		HideSolutionNode = FALSE
	EndGlobalSection
	GlobalSection(ExtensibilityGlobals) = postSolution
		SolutionGuid = {3C2B31EB-EF32-45D4-8E35-3FBC64F88B7D}
	EndGlobalSection
EndGlobal
